
Microsoft Visual Studio Solution File, Format Version 12.00
# Visual Studio Version 17
VisualStudioVersion = 17.2.32616.157
MinimumVisualStudioVersion = 10.0.40219.1
Project("{FAE04EC0-301F-11D3-BF4B-00C04F79EFBC}") = "ifelseCSharp", "ifelseCSharp\ifelseCSharp.csproj", "{1976F0E9-E2C9-473E-8042-BC0889EBFA8C}"
EndProject
Global
	GlobalSection(SolutionConfigurationPlatforms) = preSolution
		Debug|Any CPU = Debug|Any CPU
		Release|Any CPU = Release|Any CPU
	EndGlobalSection
	GlobalSection(ProjectConfigurationPlatforms) = postSolution
		{1976F0E9-E2C9-473E-8042-BC0889EBFA8C}.Debug|Any CPU.ActiveCfg = Debug|Any CPU
		{1976F0E9-E2C9-473E-8042-BC0889EBFA8C}.Debug|Any CPU.Build.0 = Debug|Any CPU
		{1976F0E9-E2C9-473E-8042-BC0889EBFA8C}.Release|Any CPU.ActiveCfg = Release|Any CPU
		{1976F0E9-E2C9-473E-8042-BC0889EBFA8C}.Release|Any CPU.Build.0 = Release|Any CPU
	EndGlobalSection
	GlobalSection(SolutionProperties) = preSolution
		HideSolutionNode = FALSE
	EndGlobalSection
	GlobalSection(ExtensibilityGlobals) = postSolution
		SolutionGuid = {EEE60E28-CB8A-40AB-B3BF-4EFA2F63EBF4}
	EndGlobalSection
EndGlobal
